// !$*UTF8*$!
{
	archiveVersion = 1;
	classes = {
	};
	objectVersion = 48;
	objects = {

/* Begin PBXBuildFile section */
		3AE83D6A70F10A583939E684 /* Pods_Seriyal_2.framework in Frameworks */ = {isa = PBXBuildFile; fileRef = B321766066DCEA50E825A3DF /* Pods_Seriyal_2.framework */; };
		E513E6861FA49B630076D59A /* SingleController.swift in Sources */ = {isa = PBXBuildFile; fileRef = E513E6851FA49B630076D59A /* SingleController.swift */; };
		E5374F151FA4B04B00363BD5 /* Colorize.swift in Sources */ = {isa = PBXBuildFile; fileRef = E5374F141FA4B04B00363BD5 /* Colorize.swift */; };
		E55E31B01F9E44A8006DD337 /* AppDelegate.swift in Sources */ = {isa = PBXBuildFile; fileRef = E55E31AF1F9E44A8006DD337 /* AppDelegate.swift */; };
		E55E31B21F9E44A8006DD337 /* DiscoverController.swift in Sources */ = {isa = PBXBuildFile; fileRef = E55E31B11F9E44A8006DD337 /* DiscoverController.swift */; };
		E55E31B51F9E44A8006DD337 /* Main.storyboard in Resources */ = {isa = PBXBuildFile; fileRef = E55E31B31F9E44A8006DD337 /* Main.storyboard */; };
		E55E31B81F9E44A8006DD337 /* Seriyal_2.xcdatamodeld in Sources */ = {isa = PBXBuildFile; fileRef = E55E31B61F9E44A8006DD337 /* Seriyal_2.xcdatamodeld */; };
		E55E31BA1F9E44A8006DD337 /* Assets.xcassets in Resources */ = {isa = PBXBuildFile; fileRef = E55E31B91F9E44A8006DD337 /* Assets.xcassets */; };
		E55E31BD1F9E44A8006DD337 /* LaunchScreen.storyboard in Resources */ = {isa = PBXBuildFile; fileRef = E55E31BB1F9E44A8006DD337 /* LaunchScreen.storyboard */; };
		E55F35EF1FAE0ADF0090A5D3 /* SearchController.swift in Sources */ = {isa = PBXBuildFile; fileRef = E55F35EE1FAE0ADF0090A5D3 /* SearchController.swift */; };
		E55F35F11FAE53CF0090A5D3 /* hashable.swift in Sources */ = {isa = PBXBuildFile; fileRef = E55F35F01FAE53CF0090A5D3 /* hashable.swift */; };
		E55F35F41FAE5A200090A5D3 /* searchCell.swift in Sources */ = {isa = PBXBuildFile; fileRef = E55F35F21FAE5A200090A5D3 /* searchCell.swift */; };
		E55F35F51FAE5A200090A5D3 /* searchCell.xib in Resources */ = {isa = PBXBuildFile; fileRef = E55F35F31FAE5A200090A5D3 /* searchCell.xib */; };
		E56D3ABD1FB86A89008BA724 /* discoverCollectionController.swift in Sources */ = {isa = PBXBuildFile; fileRef = E56D3ABC1FB86A89008BA724 /* discoverCollectionController.swift */; };
		E56D3ABF1FB86B1C008BA724 /* TableViewCell.swift in Sources */ = {isa = PBXBuildFile; fileRef = E56D3ABE1FB86B1C008BA724 /* TableViewCell.swift */; };
		E56D3AC11FB86CDE008BA724 /* Randomizer.swift in Sources */ = {isa = PBXBuildFile; fileRef = E56D3AC01FB86CDE008BA724 /* Randomizer.swift */; };
		E56D3AC61FB873E2008BA724 /* CollectionCell.swift in Sources */ = {isa = PBXBuildFile; fileRef = E56D3AC41FB873E2008BA724 /* CollectionCell.swift */; };
		E56D3AC71FB873E2008BA724 /* CollectionCell.xib in Resources */ = {isa = PBXBuildFile; fileRef = E56D3AC51FB873E2008BA724 /* CollectionCell.xib */; };
		E56D3AC91FB886A4008BA724 /* DiscoverCollectionViewController.swift in Sources */ = {isa = PBXBuildFile; fileRef = E56D3AC81FB886A4008BA724 /* DiscoverCollectionViewController.swift */; };
		E56D76451F9E472800212318 /* seriesCell.swift in Sources */ = {isa = PBXBuildFile; fileRef = E56D76431F9E472800212318 /* seriesCell.swift */; };
		E56D76461F9E472800212318 /* seriesCell.xib in Resources */ = {isa = PBXBuildFile; fileRef = E56D76441F9E472800212318 /* seriesCell.xib */; };
		E56D76481F9E48EF00212318 /* Series.swift in Sources */ = {isa = PBXBuildFile; fileRef = E56D76471F9E48EE00212318 /* Series.swift */; };
		E56D764B1F9E4A6C00212318 /* rick.jpg in Resources */ = {isa = PBXBuildFile; fileRef = E56D764A1F9E4A6C00212318 /* rick.jpg */; };
		E56D764D1F9E4CFA00212318 /* api.swift in Sources */ = {isa = PBXBuildFile; fileRef = E56D764C1F9E4CFA00212318 /* api.swift */; };
		E575B4CD1FA63EE800B01D02 /* gradient.swift in Sources */ = {isa = PBXBuildFile; fileRef = E575B4CC1FA63EE800B01D02 /* gradient.swift */; };
		E57DD0EC1FA7A82100D1BE27 /* dateFormatter.swift in Sources */ = {isa = PBXBuildFile; fileRef = E57DD0EB1FA7A82100D1BE27 /* dateFormatter.swift */; };
		E5B1155D1FACBB7E00971218 /* RegisterController.swift in Sources */ = {isa = PBXBuildFile; fileRef = E5B1155C1FACBB7E00971218 /* RegisterController.swift */; };
		E5B1155F1FACBB8E00971218 /* WelcomeController.swift in Sources */ = {isa = PBXBuildFile; fileRef = E5B1155E1FACBB8E00971218 /* WelcomeController.swift */; };
		E5B1C08E1FACB44D002682B9 /* GoogleService-Info.plist in Resources */ = {isa = PBXBuildFile; fileRef = E5B1C08D1FACB44D002682B9 /* GoogleService-Info.plist */; };
		E5B1C0901FACB531002682B9 /* LoginController.swift in Sources */ = {isa = PBXBuildFile; fileRef = E5B1C08F1FACB531002682B9 /* LoginController.swift */; };
		E5BD0B761FB47589009C25E9 /* Fetcher.swift in Sources */ = {isa = PBXBuildFile; fileRef = E5BD0B751FB47589009C25E9 /* Fetcher.swift */; };
		E5E7BDD21FACFEB4005AC4AB /* SettingsController.swift in Sources */ = {isa = PBXBuildFile; fileRef = E5E7BDD11FACFEB3005AC4AB /* SettingsController.swift */; };
		E5E7BDD41FAD07D4005AC4AB /* FavoritesController.swift in Sources */ = {isa = PBXBuildFile; fileRef = E5E7BDD31FAD07D4005AC4AB /* FavoritesController.swift */; };
		E5E7BDD61FAD0841005AC4AB /* UpcomingController.swift in Sources */ = {isa = PBXBuildFile; fileRef = E5E7BDD51FAD0841005AC4AB /* UpcomingController.swift */; };
/* End PBXBuildFile section */

/* Begin PBXFileReference section */
		52B83E927F90B567F4D17E03 /* Pods-Seriyal-2.release.xcconfig */ = {isa = PBXFileReference; includeInIndex = 1; lastKnownFileType = text.xcconfig; name = "Pods-Seriyal-2.release.xcconfig"; path = "Pods/Target Support Files/Pods-Seriyal-2/Pods-Seriyal-2.release.xcconfig"; sourceTree = "<group>"; };
		A8DA2000A17CBB8A7EF9A98A /* Pods-Seriyal-2.debug.xcconfig */ = {isa = PBXFileReference; includeInIndex = 1; lastKnownFileType = text.xcconfig; name = "Pods-Seriyal-2.debug.xcconfig"; path = "Pods/Target Support Files/Pods-Seriyal-2/Pods-Seriyal-2.debug.xcconfig"; sourceTree = "<group>"; };
		B321766066DCEA50E825A3DF /* Pods_Seriyal_2.framework */ = {isa = PBXFileReference; explicitFileType = wrapper.framework; includeInIndex = 0; path = Pods_Seriyal_2.framework; sourceTree = BUILT_PRODUCTS_DIR; };
		E513E6851FA49B630076D59A /* SingleController.swift */ = {isa = PBXFileReference; lastKnownFileType = sourcecode.swift; path = SingleController.swift; sourceTree = "<group>"; };
		E5374F141FA4B04B00363BD5 /* Colorize.swift */ = {isa = PBXFileReference; lastKnownFileType = sourcecode.swift; path = Colorize.swift; sourceTree = "<group>"; };
		E55E31AC1F9E44A8006DD337 /* Seriyal-2.app */ = {isa = PBXFileReference; explicitFileType = wrapper.application; includeInIndex = 0; path = "Seriyal-2.app"; sourceTree = BUILT_PRODUCTS_DIR; };
		E55E31AF1F9E44A8006DD337 /* AppDelegate.swift */ = {isa = PBXFileReference; lastKnownFileType = sourcecode.swift; path = AppDelegate.swift; sourceTree = "<group>"; };
		E55E31B11F9E44A8006DD337 /* DiscoverController.swift */ = {isa = PBXFileReference; lastKnownFileType = sourcecode.swift; path = DiscoverController.swift; sourceTree = "<group>"; };
		E55E31B41F9E44A8006DD337 /* Base */ = {isa = PBXFileReference; lastKnownFileType = file.storyboard; name = Base; path = Base.lproj/Main.storyboard; sourceTree = "<group>"; };
		E55E31B71F9E44A8006DD337 /* Seriyal_2.xcdatamodel */ = {isa = PBXFileReference; lastKnownFileType = wrapper.xcdatamodel; path = Seriyal_2.xcdatamodel; sourceTree = "<group>"; };
		E55E31B91F9E44A8006DD337 /* Assets.xcassets */ = {isa = PBXFileReference; lastKnownFileType = folder.assetcatalog; path = Assets.xcassets; sourceTree = "<group>"; };
		E55E31BC1F9E44A8006DD337 /* Base */ = {isa = PBXFileReference; lastKnownFileType = file.storyboard; name = Base; path = Base.lproj/LaunchScreen.storyboard; sourceTree = "<group>"; };
		E55E31BE1F9E44A8006DD337 /* Info.plist */ = {isa = PBXFileReference; lastKnownFileType = text.plist.xml; path = Info.plist; sourceTree = "<group>"; };
		E55F35EE1FAE0ADF0090A5D3 /* SearchController.swift */ = {isa = PBXFileReference; lastKnownFileType = sourcecode.swift; path = SearchController.swift; sourceTree = "<group>"; };
		E55F35F01FAE53CF0090A5D3 /* hashable.swift */ = {isa = PBXFileReference; lastKnownFileType = sourcecode.swift; path = hashable.swift; sourceTree = "<group>"; };
		E55F35F21FAE5A200090A5D3 /* searchCell.swift */ = {isa = PBXFileReference; lastKnownFileType = sourcecode.swift; path = searchCell.swift; sourceTree = "<group>"; };
		E55F35F31FAE5A200090A5D3 /* searchCell.xib */ = {isa = PBXFileReference; lastKnownFileType = file.xib; path = searchCell.xib; sourceTree = "<group>"; };
		E56D3ABC1FB86A89008BA724 /* discoverCollectionController.swift */ = {isa = PBXFileReference; lastKnownFileType = sourcecode.swift; path = discoverCollectionController.swift; sourceTree = "<group>"; };
		E56D3ABE1FB86B1C008BA724 /* TableViewCell.swift */ = {isa = PBXFileReference; lastKnownFileType = sourcecode.swift; path = TableViewCell.swift; sourceTree = "<group>"; };
		E56D3AC01FB86CDE008BA724 /* Randomizer.swift */ = {isa = PBXFileReference; lastKnownFileType = sourcecode.swift; path = Randomizer.swift; sourceTree = "<group>"; };
		E56D3AC41FB873E2008BA724 /* CollectionCell.swift */ = {isa = PBXFileReference; lastKnownFileType = sourcecode.swift; path = CollectionCell.swift; sourceTree = "<group>"; };
		E56D3AC51FB873E2008BA724 /* CollectionCell.xib */ = {isa = PBXFileReference; lastKnownFileType = file.xib; path = CollectionCell.xib; sourceTree = "<group>"; };
		E56D3AC81FB886A4008BA724 /* DiscoverCollectionViewController.swift */ = {isa = PBXFileReference; lastKnownFileType = sourcecode.swift; path = DiscoverCollectionViewController.swift; sourceTree = "<group>"; };
		E56D76431F9E472800212318 /* seriesCell.swift */ = {isa = PBXFileReference; lastKnownFileType = sourcecode.swift; path = seriesCell.swift; sourceTree = "<group>"; };
		E56D76441F9E472800212318 /* seriesCell.xib */ = {isa = PBXFileReference; lastKnownFileType = file.xib; path = seriesCell.xib; sourceTree = "<group>"; };
		E56D76471F9E48EE00212318 /* Series.swift */ = {isa = PBXFileReference; fileEncoding = 4; lastKnownFileType = sourcecode.swift; path = Series.swift; sourceTree = "<group>"; };
		E56D764A1F9E4A6C00212318 /* rick.jpg */ = {isa = PBXFileReference; lastKnownFileType = image.jpeg; path = rick.jpg; sourceTree = "<group>"; };
		E56D764C1F9E4CFA00212318 /* api.swift */ = {isa = PBXFileReference; lastKnownFileType = sourcecode.swift; path = api.swift; sourceTree = "<group>"; };
		E575B4CC1FA63EE800B01D02 /* gradient.swift */ = {isa = PBXFileReference; lastKnownFileType = sourcecode.swift; path = gradient.swift; sourceTree = "<group>"; };
		E57DD0EB1FA7A82100D1BE27 /* dateFormatter.swift */ = {isa = PBXFileReference; lastKnownFileType = sourcecode.swift; path = dateFormatter.swift; sourceTree = "<group>"; };
		E5B1155C1FACBB7E00971218 /* RegisterController.swift */ = {isa = PBXFileReference; lastKnownFileType = sourcecode.swift; path = RegisterController.swift; sourceTree = "<group>"; };
		E5B1155E1FACBB8E00971218 /* WelcomeController.swift */ = {isa = PBXFileReference; lastKnownFileType = sourcecode.swift; path = WelcomeController.swift; sourceTree = "<group>"; };
		E5B1C08D1FACB44D002682B9 /* GoogleService-Info.plist */ = {isa = PBXFileReference; fileEncoding = 4; lastKnownFileType = text.plist.xml; path = "GoogleService-Info.plist"; sourceTree = "<group>"; };
		E5B1C08F1FACB531002682B9 /* LoginController.swift */ = {isa = PBXFileReference; lastKnownFileType = sourcecode.swift; path = LoginController.swift; sourceTree = "<group>"; };
		E5BD0B751FB47589009C25E9 /* Fetcher.swift */ = {isa = PBXFileReference; lastKnownFileType = sourcecode.swift; path = Fetcher.swift; sourceTree = "<group>"; };
		E5E7BDD11FACFEB3005AC4AB /* SettingsController.swift */ = {isa = PBXFileReference; lastKnownFileType = sourcecode.swift; path = SettingsController.swift; sourceTree = "<group>"; };
		E5E7BDD31FAD07D4005AC4AB /* FavoritesController.swift */ = {isa = PBXFileReference; lastKnownFileType = sourcecode.swift; path = FavoritesController.swift; sourceTree = "<group>"; };
		E5E7BDD51FAD0841005AC4AB /* UpcomingController.swift */ = {isa = PBXFileReference; lastKnownFileType = sourcecode.swift; path = UpcomingController.swift; sourceTree = "<group>"; };
/* End PBXFileReference section */

/* Begin PBXFrameworksBuildPhase section */
		E55E31A91F9E44A8006DD337 /* Frameworks */ = {
			isa = PBXFrameworksBuildPhase;
			buildActionMask = 2147483647;
			files = (
				3AE83D6A70F10A583939E684 /* Pods_Seriyal_2.framework in Frameworks */,
			);
			runOnlyForDeploymentPostprocessing = 0;
		};
/* End PBXFrameworksBuildPhase section */

/* Begin PBXGroup section */
		04665DD149F26F5855971C26 /* Pods */ = {
			isa = PBXGroup;
			children = (
				A8DA2000A17CBB8A7EF9A98A /* Pods-Seriyal-2.debug.xcconfig */,
				52B83E927F90B567F4D17E03 /* Pods-Seriyal-2.release.xcconfig */,
			);
			name = Pods;
			sourceTree = "<group>";
		};
		E55E31A31F9E44A8006DD337 = {
			isa = PBXGroup;
			children = (
				E55E31AE1F9E44A8006DD337 /* Seriyal-2 */,
				E55E31AD1F9E44A8006DD337 /* Products */,
				04665DD149F26F5855971C26 /* Pods */,
				F60595C01A35073ACE1026F0 /* Frameworks */,
			);
			sourceTree = "<group>";
		};
		E55E31AD1F9E44A8006DD337 /* Products */ = {
			isa = PBXGroup;
			children = (
				E55E31AC1F9E44A8006DD337 /* Seriyal-2.app */,
			);
			name = Products;
			sourceTree = "<group>";
		};
		E55E31AE1F9E44A8006DD337 /* Seriyal-2 */ = {
			isa = PBXGroup;
			children = (
				E56D76491F9E4A3700212318 /* images */,
				E56D76401F9E458C00212318 /* View */,
				E56D763F1F9E457800212318 /* Model */,
				E56D76411F9E459400212318 /* Controller */,
				E55E31AF1F9E44A8006DD337 /* AppDelegate.swift */,
				E55E31B91F9E44A8006DD337 /* Assets.xcassets */,
				E55E31BE1F9E44A8006DD337 /* Info.plist */,
				E5B1C08D1FACB44D002682B9 /* GoogleService-Info.plist */,
				E55E31B61F9E44A8006DD337 /* Seriyal_2.xcdatamodeld */,
			);
			path = "Seriyal-2";
			sourceTree = "<group>";
		};
		E56D763F1F9E457800212318 /* Model */ = {
			isa = PBXGroup;
			children = (
				E56D76471F9E48EE00212318 /* Series.swift */,
				E56D764C1F9E4CFA00212318 /* api.swift */,
			);
			path = Model;
			sourceTree = "<group>";
		};
		E56D76401F9E458C00212318 /* View */ = {
			isa = PBXGroup;
			children = (
				E56D76421F9E46F000212318 /* extend */,
				E55E31B31F9E44A8006DD337 /* Main.storyboard */,
				E55E31BB1F9E44A8006DD337 /* LaunchScreen.storyboard */,
			);
			path = View;
			sourceTree = "<group>";
		};
		E56D76411F9E459400212318 /* Controller */ = {
			isa = PBXGroup;
			children = (
				E57DD0EA1FA7A80E00D1BE27 /* extend */,
				E55E31B11F9E44A8006DD337 /* DiscoverController.swift */,
				E513E6851FA49B630076D59A /* SingleController.swift */,
				E5B1C08F1FACB531002682B9 /* LoginController.swift */,
				E5B1155C1FACBB7E00971218 /* RegisterController.swift */,
				E5B1155E1FACBB8E00971218 /* WelcomeController.swift */,
				E5E7BDD11FACFEB3005AC4AB /* SettingsController.swift */,
				E5E7BDD31FAD07D4005AC4AB /* FavoritesController.swift */,
				E5E7BDD51FAD0841005AC4AB /* UpcomingController.swift */,
				E55F35EE1FAE0ADF0090A5D3 /* SearchController.swift */,
				E56D3ABC1FB86A89008BA724 /* discoverCollectionController.swift */,
				E56D3AC81FB886A4008BA724 /* DiscoverCollectionViewController.swift */,
			);
			path = Controller;
			sourceTree = "<group>";
		};
		E56D76421F9E46F000212318 /* extend */ = {
			isa = PBXGroup;
			children = (
				E56D76431F9E472800212318 /* seriesCell.swift */,
				E575B4CC1FA63EE800B01D02 /* gradient.swift */,
				E56D76441F9E472800212318 /* seriesCell.xib */,
				E5374F141FA4B04B00363BD5 /* Colorize.swift */,
				E55F35F21FAE5A200090A5D3 /* searchCell.swift */,
				E55F35F31FAE5A200090A5D3 /* searchCell.xib */,
				E56D3ABE1FB86B1C008BA724 /* TableViewCell.swift */,
				E56D3AC41FB873E2008BA724 /* CollectionCell.swift */,
				E56D3AC51FB873E2008BA724 /* CollectionCell.xib */,
			);
			path = extend;
			sourceTree = "<group>";
		};
		E56D76491F9E4A3700212318 /* images */ = {
			isa = PBXGroup;
			children = (
				E56D764A1F9E4A6C00212318 /* rick.jpg */,
			);
			path = images;
			sourceTree = "<group>";
		};
		E57DD0EA1FA7A80E00D1BE27 /* extend */ = {
			isa = PBXGroup;
			children = (
				E57DD0EB1FA7A82100D1BE27 /* dateFormatter.swift */,
				E55F35F01FAE53CF0090A5D3 /* hashable.swift */,
				E5BD0B751FB47589009C25E9 /* Fetcher.swift */,
				E56D3AC01FB86CDE008BA724 /* Randomizer.swift */,
			);
			path = extend;
			sourceTree = "<group>";
		};
		F60595C01A35073ACE1026F0 /* Frameworks */ = {
			isa = PBXGroup;
			children = (
				B321766066DCEA50E825A3DF /* Pods_Seriyal_2.framework */,
			);
			name = Frameworks;
			sourceTree = "<group>";
		};
/* End PBXGroup section */

/* Begin PBXNativeTarget section */
		E55E31AB1F9E44A8006DD337 /* Seriyal-2 */ = {
			isa = PBXNativeTarget;
			buildConfigurationList = E55E31C11F9E44A8006DD337 /* Build configuration list for PBXNativeTarget "Seriyal-2" */;
			buildPhases = (
				BB0837BCE1075D50F14B431E /* [CP] Check Pods Manifest.lock */,
				E55E31A81F9E44A8006DD337 /* Sources */,
				E55E31A91F9E44A8006DD337 /* Frameworks */,
				E55E31AA1F9E44A8006DD337 /* Resources */,
				F9E422B82CA11539C17C714E /* [CP] Embed Pods Frameworks */,
				9941DF4A9F9A91DDB80987E8 /* [CP] Copy Pods Resources */,
			);
			buildRules = (
			);
			dependencies = (
			);
			name = "Seriyal-2";
			productName = "Seriyal-2";
			productReference = E55E31AC1F9E44A8006DD337 /* Seriyal-2.app */;
			productType = "com.apple.product-type.application";
		};
/* End PBXNativeTarget section */

/* Begin PBXProject section */
		E55E31A41F9E44A8006DD337 /* Project object */ = {
			isa = PBXProject;
			attributes = {
				LastSwiftUpdateCheck = 0900;
				LastUpgradeCheck = 0900;
				ORGANIZATIONNAME = "Zsolt Nagy";
				TargetAttributes = {
					E55E31AB1F9E44A8006DD337 = {
						CreatedOnToolsVersion = 9.0.1;
						ProvisioningStyle = Automatic;
					};
				};
			};
			buildConfigurationList = E55E31A71F9E44A8006DD337 /* Build configuration list for PBXProject "Seriyal-2" */;
			compatibilityVersion = "Xcode 8.0";
			developmentRegion = en;
			hasScannedForEncodings = 0;
			knownRegions = (
				en,
				Base,
			);
			mainGroup = E55E31A31F9E44A8006DD337;
			productRefGroup = E55E31AD1F9E44A8006DD337 /* Products */;
			projectDirPath = "";
			projectRoot = "";
			targets = (
				E55E31AB1F9E44A8006DD337 /* Seriyal-2 */,
			);
		};
/* End PBXProject section */

/* Begin PBXResourcesBuildPhase section */
		E55E31AA1F9E44A8006DD337 /* Resources */ = {
			isa = PBXResourcesBuildPhase;
			buildActionMask = 2147483647;
			files = (
				E55E31BD1F9E44A8006DD337 /* LaunchScreen.storyboard in Resources */,
				E56D764B1F9E4A6C00212318 /* rick.jpg in Resources */,
				E55E31BA1F9E44A8006DD337 /* Assets.xcassets in Resources */,
				E56D76461F9E472800212318 /* seriesCell.xib in Resources */,
				E55E31B51F9E44A8006DD337 /* Main.storyboard in Resources */,
				E55F35F51FAE5A200090A5D3 /* searchCell.xib in Resources */,
				E5B1C08E1FACB44D002682B9 /* GoogleService-Info.plist in Resources */,
				E56D3AC71FB873E2008BA724 /* CollectionCell.xib in Resources */,
			);
			runOnlyForDeploymentPostprocessing = 0;
		};
/* End PBXResourcesBuildPhase section */

/* Begin PBXShellScriptBuildPhase section */
		9941DF4A9F9A91DDB80987E8 /* [CP] Copy Pods Resources */ = {
			isa = PBXShellScriptBuildPhase;
			buildActionMask = 2147483647;
			files = (
			);
			inputPaths = (
			);
			name = "[CP] Copy Pods Resources";
			outputPaths = (
			);
			runOnlyForDeploymentPostprocessing = 0;
			shellPath = /bin/sh;
			shellScript = "\"${SRCROOT}/Pods/Target Support Files/Pods-Seriyal-2/Pods-Seriyal-2-resources.sh\"\n";
			showEnvVarsInLog = 0;
		};
		BB0837BCE1075D50F14B431E /* [CP] Check Pods Manifest.lock */ = {
			isa = PBXShellScriptBuildPhase;
			buildActionMask = 2147483647;
			files = (
			);
			inputPaths = (
				"${PODS_PODFILE_DIR_PATH}/Podfile.lock",
				"${PODS_ROOT}/Manifest.lock",
			);
			name = "[CP] Check Pods Manifest.lock";
			outputPaths = (
				"$(DERIVED_FILE_DIR)/Pods-Seriyal-2-checkManifestLockResult.txt",
			);
			runOnlyForDeploymentPostprocessing = 0;
			shellPath = /bin/sh;
			shellScript = "diff \"${PODS_ROOT}/../Podfile.lock\" \"${PODS_ROOT}/Manifest.lock\" > /dev/null\nif [ $? != 0 ] ; then\n    # print error to STDERR\n    echo \"error: The sandbox is not in sync with the Podfile.lock. Run 'pod install' or update your CocoaPods installation.\" >&2\n    exit 1\nfi\n";
			showEnvVarsInLog = 0;
		};
		F9E422B82CA11539C17C714E /* [CP] Embed Pods Frameworks */ = {
			isa = PBXShellScriptBuildPhase;
			buildActionMask = 2147483647;
			files = (
			);
			inputPaths = (
				"${SRCROOT}/Pods/Target Support Files/Pods-Seriyal-2/Pods-Seriyal-2-frameworks.sh",
				"${BUILT_PRODUCTS_DIR}/Alamofire/Alamofire.framework",
				"${BUILT_PRODUCTS_DIR}/AlamofireNetworkActivityIndicator/AlamofireNetworkActivityIndicator.framework",
				"${BUILT_PRODUCTS_DIR}/GTMSessionFetcher/GTMSessionFetcher.framework",
				"${BUILT_PRODUCTS_DIR}/GoogleToolboxForMac/GoogleToolboxForMac.framework",
				"${BUILT_PRODUCTS_DIR}/HexColors/HexColors.framework",
				"${BUILT_PRODUCTS_DIR}/Kingfisher/Kingfisher.framework",
				"${BUILT_PRODUCTS_DIR}/SVProgressHUD/SVProgressHUD.framework",
				"${BUILT_PRODUCTS_DIR}/Segmentio/Segmentio.framework",
				"${BUILT_PRODUCTS_DIR}/SwiftDate/SwiftDate.framework",
				"${BUILT_PRODUCTS_DIR}/SwiftyJSON/SwiftyJSON.framework",
				"${BUILT_PRODUCTS_DIR}/UIImageColors/UIImageColors.framework",
				"${BUILT_PRODUCTS_DIR}/UINavigationBar-Transparent/UINavigationBar_Transparent.framework",
				"${BUILT_PRODUCTS_DIR}/leveldb-library/leveldb.framework",
				"${BUILT_PRODUCTS_DIR}/nanopb/nanopb.framework",
			);
			name = "[CP] Embed Pods Frameworks";
			outputPaths = (
				"${TARGET_BUILD_DIR}/${FRAMEWORKS_FOLDER_PATH}/Alamofire.framework",
				"${TARGET_BUILD_DIR}/${FRAMEWORKS_FOLDER_PATH}/AlamofireNetworkActivityIndicator.framework",
				"${TARGET_BUILD_DIR}/${FRAMEWORKS_FOLDER_PATH}/GTMSessionFetcher.framework",
				"${TARGET_BUILD_DIR}/${FRAMEWORKS_FOLDER_PATH}/GoogleToolboxForMac.framework",
				"${TARGET_BUILD_DIR}/${FRAMEWORKS_FOLDER_PATH}/HexColors.framework",
				"${TARGET_BUILD_DIR}/${FRAMEWORKS_FOLDER_PATH}/Kingfisher.framework",
				"${TARGET_BUILD_DIR}/${FRAMEWORKS_FOLDER_PATH}/SVProgressHUD.framework",
				"${TARGET_BUILD_DIR}/${FRAMEWORKS_FOLDER_PATH}/Segmentio.framework",
				"${TARGET_BUILD_DIR}/${FRAMEWORKS_FOLDER_PATH}/SwiftDate.framework",
				"${TARGET_BUILD_DIR}/${FRAMEWORKS_FOLDER_PATH}/SwiftyJSON.framework",
				"${TARGET_BUILD_DIR}/${FRAMEWORKS_FOLDER_PATH}/UIImageColors.framework",
				"${TARGET_BUILD_DIR}/${FRAMEWORKS_FOLDER_PATH}/UINavigationBar_Transparent.framework",
				"${TARGET_BUILD_DIR}/${FRAMEWORKS_FOLDER_PATH}/leveldb.framework",
				"${TARGET_BUILD_DIR}/${FRAMEWORKS_FOLDER_PATH}/nanopb.framework",
			);
			runOnlyForDeploymentPostprocessing = 0;
			shellPath = /bin/sh;
			shellScript = "\"${SRCROOT}/Pods/Target Support Files/Pods-Seriyal-2/Pods-Seriyal-2-frameworks.sh\"\n";
			showEnvVarsInLog = 0;
		};
/* End PBXShellScriptBuildPhase section */

/* Begin PBXSourcesBuildPhase section */
		E55E31A81F9E44A8006DD337 /* Sources */ = {
			isa = PBXSourcesBuildPhase;
			buildActionMask = 2147483647;
			files = (
				E5B1C0901FACB531002682B9 /* LoginController.swift in Sources */,
				E57DD0EC1FA7A82100D1BE27 /* dateFormatter.swift in Sources */,
				E5E7BDD41FAD07D4005AC4AB /* FavoritesController.swift in Sources */,
				E55F35F41FAE5A200090A5D3 /* searchCell.swift in Sources */,
				E56D3AC91FB886A4008BA724 /* DiscoverCollectionViewController.swift in Sources */,
				E5374F151FA4B04B00363BD5 /* Colorize.swift in Sources */,
				E55E31B81F9E44A8006DD337 /* Seriyal_2.xcdatamodeld in Sources */,
				E55E31B21F9E44A8006DD337 /* DiscoverController.swift in Sources */,
				E56D76451F9E472800212318 /* seriesCell.swift in Sources */,
				E55E31B01F9E44A8006DD337 /* AppDelegate.swift in Sources */,
				E56D764D1F9E4CFA00212318 /* api.swift in Sources */,
				E55F35F11FAE53CF0090A5D3 /* hashable.swift in Sources */,
				E56D3AC61FB873E2008BA724 /* CollectionCell.swift in Sources */,
				E5E7BDD61FAD0841005AC4AB /* UpcomingController.swift in Sources */,
				E55F35EF1FAE0ADF0090A5D3 /* SearchController.swift in Sources */,
				E5BD0B761FB47589009C25E9 /* Fetcher.swift in Sources */,
				E5B1155D1FACBB7E00971218 /* RegisterController.swift in Sources */,
				E5B1155F1FACBB8E00971218 /* WelcomeController.swift in Sources */,
				E5E7BDD21FACFEB4005AC4AB /* SettingsController.swift in Sources */,
				E56D3ABF1FB86B1C008BA724 /* TableViewCell.swift in Sources */,
				E513E6861FA49B630076D59A /* SingleController.swift in Sources */,
				E575B4CD1FA63EE800B01D02 /* gradient.swift in Sources */,
				E56D3ABD1FB86A89008BA724 /* discoverCollectionController.swift in Sources */,
				E56D3AC11FB86CDE008BA724 /* Randomizer.swift in Sources */,
				E56D76481F9E48EF00212318 /* Series.swift in Sources */,
			);
			runOnlyForDeploymentPostprocessing = 0;
		};
/* End PBXSourcesBuildPhase section */

/* Begin PBXVariantGroup section */
		E55E31B31F9E44A8006DD337 /* Main.storyboard */ = {
			isa = PBXVariantGroup;
			children = (
				E55E31B41F9E44A8006DD337 /* Base */,
			);
			name = Main.storyboard;
			sourceTree = "<group>";
		};
		E55E31BB1F9E44A8006DD337 /* LaunchScreen.storyboard */ = {
			isa = PBXVariantGroup;
			children = (
				E55E31BC1F9E44A8006DD337 /* Base */,
			);
			name = LaunchScreen.storyboard;
			sourceTree = "<group>";
		};
/* End PBXVariantGroup section */

/* Begin XCBuildConfiguration section */
		E55E31BF1F9E44A8006DD337 /* Debug */ = {
			isa = XCBuildConfiguration;
			buildSettings = {
				ALWAYS_SEARCH_USER_PATHS = NO;
				CLANG_ANALYZER_NONNULL = YES;
				CLANG_ANALYZER_NUMBER_OBJECT_CONVERSION = YES_AGGRESSIVE;
				CLANG_CXX_LANGUAGE_STANDARD = "gnu++14";
				CLANG_CXX_LIBRARY = "libc++";
				CLANG_ENABLE_MODULES = YES;
				CLANG_ENABLE_OBJC_ARC = YES;
				CLANG_WARN_BLOCK_CAPTURE_AUTORELEASING = YES;
				CLANG_WARN_BOOL_CONVERSION = YES;
				CLANG_WARN_COMMA = YES;
				CLANG_WARN_CONSTANT_CONVERSION = YES;
				CLANG_WARN_DIRECT_OBJC_ISA_USAGE = YES_ERROR;
				CLANG_WARN_DOCUMENTATION_COMMENTS = YES;
				CLANG_WARN_EMPTY_BODY = YES;
				CLANG_WARN_ENUM_CONVERSION = YES;
				CLANG_WARN_INFINITE_RECURSION = YES;
				CLANG_WARN_INT_CONVERSION = YES;
				CLANG_WARN_NON_LITERAL_NULL_CONVERSION = YES;
				CLANG_WARN_OBJC_LITERAL_CONVERSION = YES;
				CLANG_WARN_OBJC_ROOT_CLASS = YES_ERROR;
				CLANG_WARN_RANGE_LOOP_ANALYSIS = YES;
				CLANG_WARN_STRICT_PROTOTYPES = YES;
				CLANG_WARN_SUSPICIOUS_MOVE = YES;
				CLANG_WARN_UNGUARDED_AVAILABILITY = YES_AGGRESSIVE;
				CLANG_WARN_UNREACHABLE_CODE = YES;
				CLANG_WARN__DUPLICATE_METHOD_MATCH = YES;
				CODE_SIGN_IDENTITY = "iPhone Developer";
				COPY_PHASE_STRIP = NO;
				DEBUG_INFORMATION_FORMAT = dwarf;
				ENABLE_STRICT_OBJC_MSGSEND = YES;
				ENABLE_TESTABILITY = YES;
				GCC_C_LANGUAGE_STANDARD = gnu11;
				GCC_DYNAMIC_NO_PIC = NO;
				GCC_NO_COMMON_BLOCKS = YES;
				GCC_OPTIMIZATION_LEVEL = 0;
				GCC_PREPROCESSOR_DEFINITIONS = (
					"DEBUG=1",
					"$(inherited)",
				);
				GCC_WARN_64_TO_32_BIT_CONVERSION = YES;
				GCC_WARN_ABOUT_RETURN_TYPE = YES_ERROR;
				GCC_WARN_UNDECLARED_SELECTOR = YES;
				GCC_WARN_UNINITIALIZED_AUTOS = YES_AGGRESSIVE;
				GCC_WARN_UNUSED_FUNCTION = YES;
				GCC_WARN_UNUSED_VARIABLE = YES;
				IPHONEOS_DEPLOYMENT_TARGET = 11.0;
				MTL_ENABLE_DEBUG_INFO = YES;
				ONLY_ACTIVE_ARCH = YES;
				SDKROOT = iphoneos;
				SWIFT_ACTIVE_COMPILATION_CONDITIONS = DEBUG;
				SWIFT_OPTIMIZATION_LEVEL = "-Onone";
			};
			name = Debug;
		};
		E55E31C01F9E44A8006DD337 /* Release */ = {
			isa = XCBuildConfiguration;
			buildSettings = {
				ALWAYS_SEARCH_USER_PATHS = NO;
				CLANG_ANALYZER_NONNULL = YES;
				CLANG_ANALYZER_NUMBER_OBJECT_CONVERSION = YES_AGGRESSIVE;
				CLANG_CXX_LANGUAGE_STANDARD = "gnu++14";
				CLANG_CXX_LIBRARY = "libc++";
				CLANG_ENABLE_MODULES = YES;
				CLANG_ENABLE_OBJC_ARC = YES;
				CLANG_WARN_BLOCK_CAPTURE_AUTORELEASING = YES;
				CLANG_WARN_BOOL_CONVERSION = YES;
				CLANG_WARN_COMMA = YES;
				CLANG_WARN_CONSTANT_CONVERSION = YES;
				CLANG_WARN_DIRECT_OBJC_ISA_USAGE = YES_ERROR;
				CLANG_WARN_DOCUMENTATION_COMMENTS = YES;
				CLANG_WARN_EMPTY_BODY = YES;
				CLANG_WARN_ENUM_CONVERSION = YES;
				CLANG_WARN_INFINITE_RECURSION = YES;
				CLANG_WARN_INT_CONVERSION = YES;
				CLANG_WARN_NON_LITERAL_NULL_CONVERSION = YES;
				CLANG_WARN_OBJC_LITERAL_CONVERSION = YES;
				CLANG_WARN_OBJC_ROOT_CLASS = YES_ERROR;
				CLANG_WARN_RANGE_LOOP_ANALYSIS = YES;
				CLANG_WARN_STRICT_PROTOTYPES = YES;
				CLANG_WARN_SUSPICIOUS_MOVE = YES;
				CLANG_WARN_UNGUARDED_AVAILABILITY = YES_AGGRESSIVE;
				CLANG_WARN_UNREACHABLE_CODE = YES;
				CLANG_WARN__DUPLICATE_METHOD_MATCH = YES;
				CODE_SIGN_IDENTITY = "iPhone Developer";
				COPY_PHASE_STRIP = NO;
				DEBUG_INFORMATION_FORMAT = "dwarf-with-dsym";
				ENABLE_NS_ASSERTIONS = NO;
				ENABLE_STRICT_OBJC_MSGSEND = YES;
				GCC_C_LANGUAGE_STANDARD = gnu11;
				GCC_NO_COMMON_BLOCKS = YES;
				GCC_WARN_64_TO_32_BIT_CONVERSION = YES;
				GCC_WARN_ABOUT_RETURN_TYPE = YES_ERROR;
				GCC_WARN_UNDECLARED_SELECTOR = YES;
				GCC_WARN_UNINITIALIZED_AUTOS = YES_AGGRESSIVE;
				GCC_WARN_UNUSED_FUNCTION = YES;
				GCC_WARN_UNUSED_VARIABLE = YES;
				IPHONEOS_DEPLOYMENT_TARGET = 11.0;
				MTL_ENABLE_DEBUG_INFO = NO;
				SDKROOT = iphoneos;
				SWIFT_OPTIMIZATION_LEVEL = "-Owholemodule";
				VALIDATE_PRODUCT = YES;
			};
			name = Release;
		};
		E55E31C21F9E44A8006DD337 /* Debug */ = {
			isa = XCBuildConfiguration;
			baseConfigurationReference = A8DA2000A17CBB8A7EF9A98A /* Pods-Seriyal-2.debug.xcconfig */;
			buildSettings = {
				ASSETCATALOG_COMPILER_APPICON_NAME = AppIcon;
				CODE_SIGN_STYLE = Automatic;
				DEVELOPMENT_TEAM = 63T53J3FDZ;
				INFOPLIST_FILE = "Seriyal-2/Info.plist";
				LD_RUNPATH_SEARCH_PATHS = "$(inherited) @executable_path/Frameworks";
				PRODUCT_BUNDLE_IDENTIFIER = "com.allusion.Seriyal-2";
				PRODUCT_NAME = "$(TARGET_NAME)";
				SWIFT_VERSION = 4.0;
				TARGETED_DEVICE_FAMILY = "1,2";
			};
			name = Debug;
		};
		E55E31C31F9E44A8006DD337 /* Release */ = {
			isa = XCBuildConfiguration;
			baseConfigurationReference = 52B83E927F90B567F4D17E03 /* Pods-Seriyal-2.release.xcconfig */;
			buildSettings = {
				ASSETCATALOG_COMPILER_APPICON_NAME = AppIcon;
				CODE_SIGN_STYLE = Automatic;
				DEVELOPMENT_TEAM = 63T53J3FDZ;
				INFOPLIST_FILE = "Seriyal-2/Info.plist";
				LD_RUNPATH_SEARCH_PATHS = "$(inherited) @executable_path/Frameworks";
				PRODUCT_BUNDLE_IDENTIFIER = "com.allusion.Seriyal-2";
				PRODUCT_NAME = "$(TARGET_NAME)";
				SWIFT_VERSION = 4.0;
				TARGETED_DEVICE_FAMILY = "1,2";
			};
			name = Release;
		};
/* End XCBuildConfiguration section */

/* Begin XCConfigurationList section */
		E55E31A71F9E44A8006DD337 /* Build configuration list for PBXProject "Seriyal-2" */ = {
			isa = XCConfigurationList;
			buildConfigurations = (
				E55E31BF1F9E44A8006DD337 /* Debug */,
				E55E31C01F9E44A8006DD337 /* Release */,
			);
			defaultConfigurationIsVisible = 0;
			defaultConfigurationName = Release;
		};
		E55E31C11F9E44A8006DD337 /* Build configuration list for PBXNativeTarget "Seriyal-2" */ = {
			isa = XCConfigurationList;
			buildConfigurations = (
				E55E31C21F9E44A8006DD337 /* Debug */,
				E55E31C31F9E44A8006DD337 /* Release */,
			);
			defaultConfigurationIsVisible = 0;
			defaultConfigurationName = Release;
		};
/* End XCConfigurationList section */

/* Begin XCVersionGroup section */
		E55E31B61F9E44A8006DD337 /* Seriyal_2.xcdatamodeld */ = {
			isa = XCVersionGroup;
			children = (
				E55E31B71F9E44A8006DD337 /* Seriyal_2.xcdatamodel */,
			);
			currentVersion = E55E31B71F9E44A8006DD337 /* Seriyal_2.xcdatamodel */;
			path = Seriyal_2.xcdatamodeld;
			sourceTree = "<group>";
			versionGroupType = wrapper.xcdatamodel;
		};
/* End XCVersionGroup section */
	};
	rootObject = E55E31A41F9E44A8006DD337 /* Project object */;
}
